
Microsoft Visual Studio Solution File, Format Version 12.00
# Visual Studio Version 16
VisualStudioVersion = 16.0.30011.22
MinimumVisualStudioVersion = 10.0.40219.1
Project("{9A19103F-16F7-4668-BE54-9A1E7A4F7556}") = "PowerBuildToolDevOpsAPI", "PowerBuildToolDevOpsAPI\PowerBuildToolDevOpsAPI.csproj", "{5D39FC6A-8485-48FF-BCFD-84A572BE305E}"
EndProject
Project("{9A19103F-16F7-4668-BE54-9A1E7A4F7556}") = "XUnitTestDevOpsAPI", "XUnitTestDevOpsAPI\XUnitTestDevOpsAPI.csproj", "{A22E5627-0806-4AC2-9935-D2CB2EF56E8D}"
EndProject
Global
	GlobalSection(SolutionConfigurationPlatforms) = preSolution
		Debug|Any CPU = Debug|Any CPU
		Release|Any CPU = Release|Any CPU
	EndGlobalSection
	GlobalSection(ProjectConfigurationPlatforms) = postSolution
		{5D39FC6A-8485-48FF-BCFD-84A572BE305E}.Debug|Any CPU.ActiveCfg = Debug|Any CPU
		{5D39FC6A-8485-48FF-BCFD-84A572BE305E}.Debug|Any CPU.Build.0 = Debug|Any CPU
		{5D39FC6A-8485-48FF-BCFD-84A572BE305E}.Release|Any CPU.ActiveCfg = Release|Any CPU
		{5D39FC6A-8485-48FF-BCFD-84A572BE305E}.Release|Any CPU.Build.0 = Release|Any CPU
		{A22E5627-0806-4AC2-9935-D2CB2EF56E8D}.Debug|Any CPU.ActiveCfg = Debug|Any CPU
		{A22E5627-0806-4AC2-9935-D2CB2EF56E8D}.Debug|Any CPU.Build.0 = Debug|Any CPU
		{A22E5627-0806-4AC2-9935-D2CB2EF56E8D}.Release|Any CPU.ActiveCfg = Release|Any CPU
		{A22E5627-0806-4AC2-9935-D2CB2EF56E8D}.Release|Any CPU.Build.0 = Release|Any CPU
	EndGlobalSection
	GlobalSection(SolutionProperties) = preSolution
		HideSolutionNode = FALSE
	EndGlobalSection
	GlobalSection(ExtensibilityGlobals) = postSolution
		SolutionGuid = {231CC223-7CBC-47E4-B58B-76832EE71BDB}
	EndGlobalSection
EndGlobal
